
Microsoft Visual Studio Solution File, Format Version 12.00
# Visual Studio 15
VisualStudioVersion = 15.0.28010.2026
MinimumVisualStudioVersion = 10.0.40219.1
Project("{FAE04EC0-301F-11D3-BF4B-00C04F79EFBC}") = "FastSchoolApp.Android", "FastSchoolApp\FastSchoolApp.Android\FastSchoolApp.Android.csproj", "{F38809DA-BE5E-4AA7-A84B-C39DD036512F}"
EndProject
Project("{FAE04EC0-301F-11D3-BF4B-00C04F79EFBC}") = "FastSchoolApp.iOS", "FastSchoolApp\FastSchoolApp.iOS\FastSchoolApp.iOS.csproj", "{B51785CE-417D-4F56-95BC-3BB6BBF5021D}"
EndProject
Project("{9A19103F-16F7-4668-BE54-9A1E7A4F7556}") = "FastSchoolApp", "FastSchoolApp\FastSchoolApp\FastSchoolApp.csproj", "{512ED4C7-81C1-42C4-AFCC-C6D9D8A1C105}"
EndProject
Project("{2150E333-8FDC-42A3-9474-1A3956D46DE8}") = "APP", "APP", "{F938D382-B029-4D91-9561-BCFCFA8EE54D}"
EndProject
Project("{9A19103F-16F7-4668-BE54-9A1E7A4F7556}") = "FastSchool.WebApi", "FastSchool.WebApi\FastSchool.WebApi.csproj", "{E4C1EA39-3A99-496B-A704-BF7E3B1F9B1B}"
EndProject
Project("{9A19103F-16F7-4668-BE54-9A1E7A4F7556}") = "FastSchool.Model", "FastSchool.Model\FastSchool.Model.csproj", "{4FB7E81E-F37D-4EB4-BFF6-FBF3D5BF71CC}"
EndProject
Project("{9A19103F-16F7-4668-BE54-9A1E7A4F7556}") = "FastSchool.Interface", "FastSchool.Interface\FastSchool.Interface.csproj", "{24FA99E1-4927-4227-8C53-A4BBF1D92A7E}"
EndProject
Project("{9A19103F-16F7-4668-BE54-9A1E7A4F7556}") = "FastSchool.BLL", "FastSchool.BLL\FastSchool.BLL.csproj", "{2D3107E1-764E-4B95-A463-C70629A578B1}"
EndProject
Project("{2150E333-8FDC-42A3-9474-1A3956D46DE8}") = "WebApi", "WebApi", "{4BD8E1FF-A03C-4724-A454-93174CA50419}"
EndProject
Project("{9A19103F-16F7-4668-BE54-9A1E7A4F7556}") = "FastSchoolApp.Model", "FastSchoolApp.Model\FastSchoolApp.Model.csproj", "{76E98CD7-16B3-4DA3-939E-942CE5F951F7}"
EndProject
Project("{9A19103F-16F7-4668-BE54-9A1E7A4F7556}") = "FastSchool.Common", "FastSchool.Common\FastSchool.Common.csproj", "{5ECC7D4B-473A-4606-BF34-CF016B791410}"
EndProject
Project("{9A19103F-16F7-4668-BE54-9A1E7A4F7556}") = "FastSchoolApp.Services", "FastSchoolApp.Services\FastSchoolApp.Services.csproj", "{3331E897-05E7-4BA6-BC0C-1BD022781CA6}"
EndProject
Project("{9A19103F-16F7-4668-BE54-9A1E7A4F7556}") = "FastSchoolApp.Common", "FastSchoolApp.Common\FastSchoolApp.Common.csproj", "{5B2F5CAB-5332-43D9-AFCB-43161763EF54}"
EndProject
Project("{2150E333-8FDC-42A3-9474-1A3956D46DE8}") = "Common", "Common", "{88E83132-FFE9-42CF-B537-8C74FC3DD19A}"
EndProject
Project("{2150E333-8FDC-42A3-9474-1A3956D46DE8}") = "Model", "Model", "{303D92EC-AB29-455B-9A4B-48B1299492C5}"
EndProject
Project("{2150E333-8FDC-42A3-9474-1A3956D46DE8}") = "WebApi", "WebApi", "{18A82A1E-016A-4852-90FA-AACA466FF71F}"
EndProject
Project("{2150E333-8FDC-42A3-9474-1A3956D46DE8}") = "Interface", "Interface", "{53138F39-88C8-4603-8ABC-4FB62CC48744}"
EndProject
Project("{2150E333-8FDC-42A3-9474-1A3956D46DE8}") = "BLL", "BLL", "{EFB17885-BC20-4153-A6AA-FB7213B9B233}"
EndProject
Project("{2150E333-8FDC-42A3-9474-1A3956D46DE8}") = "APPMain", "APPMain", "{69A7962D-F2B3-4B53-95D6-E876A65389F0}"
EndProject
Project("{2150E333-8FDC-42A3-9474-1A3956D46DE8}") = "Service", "Service", "{6DA95834-6629-4DCC-B8E3-D383752C32D4}"
EndProject
Project("{2150E333-8FDC-42A3-9474-1A3956D46DE8}") = "Common", "Common", "{AE019F68-D6AB-4309-A16A-15CB5CBF8D44}"
EndProject
Project("{2150E333-8FDC-42A3-9474-1A3956D46DE8}") = "Model", "Model", "{E9F357ED-1D06-49A8-9054-5443B3783404}"
EndProject
Global
	GlobalSection(SolutionConfigurationPlatforms) = preSolution
		Ad-Hoc|Any CPU = Ad-Hoc|Any CPU
		Ad-Hoc|iPhone = Ad-Hoc|iPhone
		Ad-Hoc|iPhoneSimulator = Ad-Hoc|iPhoneSimulator
		AppStore|Any CPU = AppStore|Any CPU
		AppStore|iPhone = AppStore|iPhone
		AppStore|iPhoneSimulator = AppStore|iPhoneSimulator
		Debug|Any CPU = Debug|Any CPU
		Debug|iPhone = Debug|iPhone
		Debug|iPhoneSimulator = Debug|iPhoneSimulator
		Release|Any CPU = Release|Any CPU
		Release|iPhone = Release|iPhone
		Release|iPhoneSimulator = Release|iPhoneSimulator
	EndGlobalSection
	GlobalSection(ProjectConfigurationPlatforms) = postSolution
		{F38809DA-BE5E-4AA7-A84B-C39DD036512F}.Ad-Hoc|Any CPU.ActiveCfg = Release|Any CPU
		{F38809DA-BE5E-4AA7-A84B-C39DD036512F}.Ad-Hoc|Any CPU.Build.0 = Release|Any CPU
		{F38809DA-BE5E-4AA7-A84B-C39DD036512F}.Ad-Hoc|Any CPU.Deploy.0 = Release|Any CPU
		{F38809DA-BE5E-4AA7-A84B-C39DD036512F}.Ad-Hoc|iPhone.ActiveCfg = Release|Any CPU
		{F38809DA-BE5E-4AA7-A84B-C39DD036512F}.Ad-Hoc|iPhone.Build.0 = Release|Any CPU
		{F38809DA-BE5E-4AA7-A84B-C39DD036512F}.Ad-Hoc|iPhone.Deploy.0 = Release|Any CPU
		{F38809DA-BE5E-4AA7-A84B-C39DD036512F}.Ad-Hoc|iPhoneSimulator.ActiveCfg = Release|Any CPU
		{F38809DA-BE5E-4AA7-A84B-C39DD036512F}.Ad-Hoc|iPhoneSimulator.Build.0 = Release|Any CPU
		{F38809DA-BE5E-4AA7-A84B-C39DD036512F}.Ad-Hoc|iPhoneSimulator.Deploy.0 = Release|Any CPU
		{F38809DA-BE5E-4AA7-A84B-C39DD036512F}.AppStore|Any CPU.ActiveCfg = Release|Any CPU
		{F38809DA-BE5E-4AA7-A84B-C39DD036512F}.AppStore|Any CPU.Build.0 = Release|Any CPU
		{F38809DA-BE5E-4AA7-A84B-C39DD036512F}.AppStore|Any CPU.Deploy.0 = Release|Any CPU
		{F38809DA-BE5E-4AA7-A84B-C39DD036512F}.AppStore|iPhone.ActiveCfg = Release|Any CPU
		{F38809DA-BE5E-4AA7-A84B-C39DD036512F}.AppStore|iPhone.Build.0 = Release|Any CPU
		{F38809DA-BE5E-4AA7-A84B-C39DD036512F}.AppStore|iPhone.Deploy.0 = Release|Any CPU
		{F38809DA-BE5E-4AA7-A84B-C39DD036512F}.AppStore|iPhoneSimulator.ActiveCfg = Release|Any CPU
		{F38809DA-BE5E-4AA7-A84B-C39DD036512F}.AppStore|iPhoneSimulator.Build.0 = Release|Any CPU
		{F38809DA-BE5E-4AA7-A84B-C39DD036512F}.AppStore|iPhoneSimulator.Deploy.0 = Release|Any CPU
		{F38809DA-BE5E-4AA7-A84B-C39DD036512F}.Debug|Any CPU.ActiveCfg = Debug|Any CPU
		{F38809DA-BE5E-4AA7-A84B-C39DD036512F}.Debug|Any CPU.Build.0 = Debug|Any CPU
		{F38809DA-BE5E-4AA7-A84B-C39DD036512F}.Debug|Any CPU.Deploy.0 = Debug|Any CPU
		{F38809DA-BE5E-4AA7-A84B-C39DD036512F}.Debug|iPhone.ActiveCfg = Debug|Any CPU
		{F38809DA-BE5E-4AA7-A84B-C39DD036512F}.Debug|iPhone.Build.0 = Debug|Any CPU
		{F38809DA-BE5E-4AA7-A84B-C39DD036512F}.Debug|iPhone.Deploy.0 = Debug|Any CPU
		{F38809DA-BE5E-4AA7-A84B-C39DD036512F}.Debug|iPhoneSimulator.ActiveCfg = Debug|Any CPU
		{F38809DA-BE5E-4AA7-A84B-C39DD036512F}.Debug|iPhoneSimulator.Build.0 = Debug|Any CPU
		{F38809DA-BE5E-4AA7-A84B-C39DD036512F}.Debug|iPhoneSimulator.Deploy.0 = Debug|Any CPU
		{F38809DA-BE5E-4AA7-A84B-C39DD036512F}.Release|Any CPU.ActiveCfg = Release|Any CPU
		{F38809DA-BE5E-4AA7-A84B-C39DD036512F}.Release|Any CPU.Build.0 = Release|Any CPU
		{F38809DA-BE5E-4AA7-A84B-C39DD036512F}.Release|Any CPU.Deploy.0 = Release|Any CPU
		{F38809DA-BE5E-4AA7-A84B-C39DD036512F}.Release|iPhone.ActiveCfg = Release|Any CPU
		{F38809DA-BE5E-4AA7-A84B-C39DD036512F}.Release|iPhone.Build.0 = Release|Any CPU
		{F38809DA-BE5E-4AA7-A84B-C39DD036512F}.Release|iPhone.Deploy.0 = Release|Any CPU
		{F38809DA-BE5E-4AA7-A84B-C39DD036512F}.Release|iPhoneSimulator.ActiveCfg = Release|Any CPU
		{F38809DA-BE5E-4AA7-A84B-C39DD036512F}.Release|iPhoneSimulator.Build.0 = Release|Any CPU
		{F38809DA-BE5E-4AA7-A84B-C39DD036512F}.Release|iPhoneSimulator.Deploy.0 = Release|Any CPU
		{B51785CE-417D-4F56-95BC-3BB6BBF5021D}.Ad-Hoc|Any CPU.ActiveCfg = Ad-Hoc|iPhone
		{B51785CE-417D-4F56-95BC-3BB6BBF5021D}.Ad-Hoc|iPhone.ActiveCfg = Ad-Hoc|iPhone
		{B51785CE-417D-4F56-95BC-3BB6BBF5021D}.Ad-Hoc|iPhone.Build.0 = Ad-Hoc|iPhone
		{B51785CE-417D-4F56-95BC-3BB6BBF5021D}.Ad-Hoc|iPhoneSimulator.ActiveCfg = Ad-Hoc|iPhoneSimulator
		{B51785CE-417D-4F56-95BC-3BB6BBF5021D}.Ad-Hoc|iPhoneSimulator.Build.0 = Ad-Hoc|iPhoneSimulator
		{B51785CE-417D-4F56-95BC-3BB6BBF5021D}.AppStore|Any CPU.ActiveCfg = AppStore|iPhone
		{B51785CE-417D-4F56-95BC-3BB6BBF5021D}.AppStore|iPhone.ActiveCfg = AppStore|iPhone
		{B51785CE-417D-4F56-95BC-3BB6BBF5021D}.AppStore|iPhone.Build.0 = AppStore|iPhone
		{B51785CE-417D-4F56-95BC-3BB6BBF5021D}.AppStore|iPhoneSimulator.ActiveCfg = AppStore|iPhoneSimulator
		{B51785CE-417D-4F56-95BC-3BB6BBF5021D}.AppStore|iPhoneSimulator.Build.0 = AppStore|iPhoneSimulator
		{B51785CE-417D-4F56-95BC-3BB6BBF5021D}.Debug|Any CPU.ActiveCfg = Debug|iPhone
		{B51785CE-417D-4F56-95BC-3BB6BBF5021D}.Debug|iPhone.ActiveCfg = Debug|iPhone
		{B51785CE-417D-4F56-95BC-3BB6BBF5021D}.Debug|iPhone.Build.0 = Debug|iPhone
		{B51785CE-417D-4F56-95BC-3BB6BBF5021D}.Debug|iPhoneSimulator.ActiveCfg = Debug|iPhoneSimulator
		{B51785CE-417D-4F56-95BC-3BB6BBF5021D}.Debug|iPhoneSimulator.Build.0 = Debug|iPhoneSimulator
		{B51785CE-417D-4F56-95BC-3BB6BBF5021D}.Release|Any CPU.ActiveCfg = Release|iPhone
		{B51785CE-417D-4F56-95BC-3BB6BBF5021D}.Release|iPhone.ActiveCfg = Release|iPhone
		{B51785CE-417D-4F56-95BC-3BB6BBF5021D}.Release|iPhone.Build.0 = Release|iPhone
		{B51785CE-417D-4F56-95BC-3BB6BBF5021D}.Release|iPhoneSimulator.ActiveCfg = Release|iPhoneSimulator
		{B51785CE-417D-4F56-95BC-3BB6BBF5021D}.Release|iPhoneSimulator.Build.0 = Release|iPhoneSimulator
		{512ED4C7-81C1-42C4-AFCC-C6D9D8A1C105}.Ad-Hoc|Any CPU.ActiveCfg = Debug|Any CPU
		{512ED4C7-81C1-42C4-AFCC-C6D9D8A1C105}.Ad-Hoc|Any CPU.Build.0 = Debug|Any CPU
		{512ED4C7-81C1-42C4-AFCC-C6D9D8A1C105}.Ad-Hoc|iPhone.ActiveCfg = Debug|Any CPU
		{512ED4C7-81C1-42C4-AFCC-C6D9D8A1C105}.Ad-Hoc|iPhone.Build.0 = Debug|Any CPU
		{512ED4C7-81C1-42C4-AFCC-C6D9D8A1C105}.Ad-Hoc|iPhoneSimulator.ActiveCfg = Debug|Any CPU
		{512ED4C7-81C1-42C4-AFCC-C6D9D8A1C105}.Ad-Hoc|iPhoneSimulator.Build.0 = Debug|Any CPU
		{512ED4C7-81C1-42C4-AFCC-C6D9D8A1C105}.AppStore|Any CPU.ActiveCfg = Debug|Any CPU
		{512ED4C7-81C1-42C4-AFCC-C6D9D8A1C105}.AppStore|Any CPU.Build.0 = Debug|Any CPU
		{512ED4C7-81C1-42C4-AFCC-C6D9D8A1C105}.AppStore|iPhone.ActiveCfg = Debug|Any CPU
		{512ED4C7-81C1-42C4-AFCC-C6D9D8A1C105}.AppStore|iPhone.Build.0 = Debug|Any CPU
		{512ED4C7-81C1-42C4-AFCC-C6D9D8A1C105}.AppStore|iPhoneSimulator.ActiveCfg = Debug|Any CPU
		{512ED4C7-81C1-42C4-AFCC-C6D9D8A1C105}.AppStore|iPhoneSimulator.Build.0 = Debug|Any CPU
		{512ED4C7-81C1-42C4-AFCC-C6D9D8A1C105}.Debug|Any CPU.ActiveCfg = Debug|Any CPU
		{512ED4C7-81C1-42C4-AFCC-C6D9D8A1C105}.Debug|Any CPU.Build.0 = Debug|Any CPU
		{512ED4C7-81C1-42C4-AFCC-C6D9D8A1C105}.Debug|iPhone.ActiveCfg = Debug|Any CPU
		{512ED4C7-81C1-42C4-AFCC-C6D9D8A1C105}.Debug|iPhone.Build.0 = Debug|Any CPU
		{512ED4C7-81C1-42C4-AFCC-C6D9D8A1C105}.Debug|iPhoneSimulator.ActiveCfg = Debug|Any CPU
		{512ED4C7-81C1-42C4-AFCC-C6D9D8A1C105}.Debug|iPhoneSimulator.Build.0 = Debug|Any CPU
		{512ED4C7-81C1-42C4-AFCC-C6D9D8A1C105}.Release|Any CPU.ActiveCfg = Release|Any CPU
		{512ED4C7-81C1-42C4-AFCC-C6D9D8A1C105}.Release|Any CPU.Build.0 = Release|Any CPU
		{512ED4C7-81C1-42C4-AFCC-C6D9D8A1C105}.Release|iPhone.ActiveCfg = Release|Any CPU
		{512ED4C7-81C1-42C4-AFCC-C6D9D8A1C105}.Release|iPhone.Build.0 = Release|Any CPU
		{512ED4C7-81C1-42C4-AFCC-C6D9D8A1C105}.Release|iPhoneSimulator.ActiveCfg = Release|Any CPU
		{512ED4C7-81C1-42C4-AFCC-C6D9D8A1C105}.Release|iPhoneSimulator.Build.0 = Release|Any CPU
		{E4C1EA39-3A99-496B-A704-BF7E3B1F9B1B}.Ad-Hoc|Any CPU.ActiveCfg = Debug|Any CPU
		{E4C1EA39-3A99-496B-A704-BF7E3B1F9B1B}.Ad-Hoc|Any CPU.Build.0 = Debug|Any CPU
		{E4C1EA39-3A99-496B-A704-BF7E3B1F9B1B}.Ad-Hoc|iPhone.ActiveCfg = Debug|Any CPU
		{E4C1EA39-3A99-496B-A704-BF7E3B1F9B1B}.Ad-Hoc|iPhone.Build.0 = Debug|Any CPU
		{E4C1EA39-3A99-496B-A704-BF7E3B1F9B1B}.Ad-Hoc|iPhoneSimulator.ActiveCfg = Debug|Any CPU
		{E4C1EA39-3A99-496B-A704-BF7E3B1F9B1B}.Ad-Hoc|iPhoneSimulator.Build.0 = Debug|Any CPU
		{E4C1EA39-3A99-496B-A704-BF7E3B1F9B1B}.AppStore|Any CPU.ActiveCfg = Debug|Any CPU
		{E4C1EA39-3A99-496B-A704-BF7E3B1F9B1B}.AppStore|Any CPU.Build.0 = Debug|Any CPU
		{E4C1EA39-3A99-496B-A704-BF7E3B1F9B1B}.AppStore|iPhone.ActiveCfg = Debug|Any CPU
		{E4C1EA39-3A99-496B-A704-BF7E3B1F9B1B}.AppStore|iPhone.Build.0 = Debug|Any CPU
		{E4C1EA39-3A99-496B-A704-BF7E3B1F9B1B}.AppStore|iPhoneSimulator.ActiveCfg = Debug|Any CPU
		{E4C1EA39-3A99-496B-A704-BF7E3B1F9B1B}.AppStore|iPhoneSimulator.Build.0 = Debug|Any CPU
		{E4C1EA39-3A99-496B-A704-BF7E3B1F9B1B}.Debug|Any CPU.ActiveCfg = Debug|Any CPU
		{E4C1EA39-3A99-496B-A704-BF7E3B1F9B1B}.Debug|Any CPU.Build.0 = Debug|Any CPU
		{E4C1EA39-3A99-496B-A704-BF7E3B1F9B1B}.Debug|iPhone.ActiveCfg = Debug|Any CPU
		{E4C1EA39-3A99-496B-A704-BF7E3B1F9B1B}.Debug|iPhone.Build.0 = Debug|Any CPU
		{E4C1EA39-3A99-496B-A704-BF7E3B1F9B1B}.Debug|iPhoneSimulator.ActiveCfg = Debug|Any CPU
		{E4C1EA39-3A99-496B-A704-BF7E3B1F9B1B}.Debug|iPhoneSimulator.Build.0 = Debug|Any CPU
		{E4C1EA39-3A99-496B-A704-BF7E3B1F9B1B}.Release|Any CPU.ActiveCfg = Release|Any CPU
		{E4C1EA39-3A99-496B-A704-BF7E3B1F9B1B}.Release|Any CPU.Build.0 = Release|Any CPU
		{E4C1EA39-3A99-496B-A704-BF7E3B1F9B1B}.Release|iPhone.ActiveCfg = Release|Any CPU
		{E4C1EA39-3A99-496B-A704-BF7E3B1F9B1B}.Release|iPhone.Build.0 = Release|Any CPU
		{E4C1EA39-3A99-496B-A704-BF7E3B1F9B1B}.Release|iPhoneSimulator.ActiveCfg = Release|Any CPU
		{E4C1EA39-3A99-496B-A704-BF7E3B1F9B1B}.Release|iPhoneSimulator.Build.0 = Release|Any CPU
		{4FB7E81E-F37D-4EB4-BFF6-FBF3D5BF71CC}.Ad-Hoc|Any CPU.ActiveCfg = Debug|Any CPU
		{4FB7E81E-F37D-4EB4-BFF6-FBF3D5BF71CC}.Ad-Hoc|Any CPU.Build.0 = Debug|Any CPU
		{4FB7E81E-F37D-4EB4-BFF6-FBF3D5BF71CC}.Ad-Hoc|iPhone.ActiveCfg = Debug|Any CPU
		{4FB7E81E-F37D-4EB4-BFF6-FBF3D5BF71CC}.Ad-Hoc|iPhone.Build.0 = Debug|Any CPU
		{4FB7E81E-F37D-4EB4-BFF6-FBF3D5BF71CC}.Ad-Hoc|iPhoneSimulator.ActiveCfg = Debug|Any CPU
		{4FB7E81E-F37D-4EB4-BFF6-FBF3D5BF71CC}.Ad-Hoc|iPhoneSimulator.Build.0 = Debug|Any CPU
		{4FB7E81E-F37D-4EB4-BFF6-FBF3D5BF71CC}.AppStore|Any CPU.ActiveCfg = Debug|Any CPU
		{4FB7E81E-F37D-4EB4-BFF6-FBF3D5BF71CC}.AppStore|Any CPU.Build.0 = Debug|Any CPU
		{4FB7E81E-F37D-4EB4-BFF6-FBF3D5BF71CC}.AppStore|iPhone.ActiveCfg = Debug|Any CPU
		{4FB7E81E-F37D-4EB4-BFF6-FBF3D5BF71CC}.AppStore|iPhone.Build.0 = Debug|Any CPU
		{4FB7E81E-F37D-4EB4-BFF6-FBF3D5BF71CC}.AppStore|iPhoneSimulator.ActiveCfg = Debug|Any CPU
		{4FB7E81E-F37D-4EB4-BFF6-FBF3D5BF71CC}.AppStore|iPhoneSimulator.Build.0 = Debug|Any CPU
		{4FB7E81E-F37D-4EB4-BFF6-FBF3D5BF71CC}.Debug|Any CPU.ActiveCfg = Debug|Any CPU
		{4FB7E81E-F37D-4EB4-BFF6-FBF3D5BF71CC}.Debug|Any CPU.Build.0 = Debug|Any CPU
		{4FB7E81E-F37D-4EB4-BFF6-FBF3D5BF71CC}.Debug|iPhone.ActiveCfg = Debug|Any CPU
		{4FB7E81E-F37D-4EB4-BFF6-FBF3D5BF71CC}.Debug|iPhone.Build.0 = Debug|Any CPU
		{4FB7E81E-F37D-4EB4-BFF6-FBF3D5BF71CC}.Debug|iPhoneSimulator.ActiveCfg = Debug|Any CPU
		{4FB7E81E-F37D-4EB4-BFF6-FBF3D5BF71CC}.Debug|iPhoneSimulator.Build.0 = Debug|Any CPU
		{4FB7E81E-F37D-4EB4-BFF6-FBF3D5BF71CC}.Release|Any CPU.ActiveCfg = Release|Any CPU
		{4FB7E81E-F37D-4EB4-BFF6-FBF3D5BF71CC}.Release|Any CPU.Build.0 = Release|Any CPU
		{4FB7E81E-F37D-4EB4-BFF6-FBF3D5BF71CC}.Release|iPhone.ActiveCfg = Release|Any CPU
		{4FB7E81E-F37D-4EB4-BFF6-FBF3D5BF71CC}.Release|iPhone.Build.0 = Release|Any CPU
		{4FB7E81E-F37D-4EB4-BFF6-FBF3D5BF71CC}.Release|iPhoneSimulator.ActiveCfg = Release|Any CPU
		{4FB7E81E-F37D-4EB4-BFF6-FBF3D5BF71CC}.Release|iPhoneSimulator.Build.0 = Release|Any CPU
		{24FA99E1-4927-4227-8C53-A4BBF1D92A7E}.Ad-Hoc|Any CPU.ActiveCfg = Debug|Any CPU
		{24FA99E1-4927-4227-8C53-A4BBF1D92A7E}.Ad-Hoc|Any CPU.Build.0 = Debug|Any CPU
		{24FA99E1-4927-4227-8C53-A4BBF1D92A7E}.Ad-Hoc|iPhone.ActiveCfg = Debug|Any CPU
		{24FA99E1-4927-4227-8C53-A4BBF1D92A7E}.Ad-Hoc|iPhone.Build.0 = Debug|Any CPU
		{24FA99E1-4927-4227-8C53-A4BBF1D92A7E}.Ad-Hoc|iPhoneSimulator.ActiveCfg = Debug|Any CPU
		{24FA99E1-4927-4227-8C53-A4BBF1D92A7E}.Ad-Hoc|iPhoneSimulator.Build.0 = Debug|Any CPU
		{24FA99E1-4927-4227-8C53-A4BBF1D92A7E}.AppStore|Any CPU.ActiveCfg = Debug|Any CPU
		{24FA99E1-4927-4227-8C53-A4BBF1D92A7E}.AppStore|Any CPU.Build.0 = Debug|Any CPU
		{24FA99E1-4927-4227-8C53-A4BBF1D92A7E}.AppStore|iPhone.ActiveCfg = Debug|Any CPU
		{24FA99E1-4927-4227-8C53-A4BBF1D92A7E}.AppStore|iPhone.Build.0 = Debug|Any CPU
		{24FA99E1-4927-4227-8C53-A4BBF1D92A7E}.AppStore|iPhoneSimulator.ActiveCfg = Debug|Any CPU
		{24FA99E1-4927-4227-8C53-A4BBF1D92A7E}.AppStore|iPhoneSimulator.Build.0 = Debug|Any CPU
		{24FA99E1-4927-4227-8C53-A4BBF1D92A7E}.Debug|Any CPU.ActiveCfg = Debug|Any CPU
		{24FA99E1-4927-4227-8C53-A4BBF1D92A7E}.Debug|Any CPU.Build.0 = Debug|Any CPU
		{24FA99E1-4927-4227-8C53-A4BBF1D92A7E}.Debug|iPhone.ActiveCfg = Debug|Any CPU
		{24FA99E1-4927-4227-8C53-A4BBF1D92A7E}.Debug|iPhone.Build.0 = Debug|Any CPU
		{24FA99E1-4927-4227-8C53-A4BBF1D92A7E}.Debug|iPhoneSimulator.ActiveCfg = Debug|Any CPU
		{24FA99E1-4927-4227-8C53-A4BBF1D92A7E}.Debug|iPhoneSimulator.Build.0 = Debug|Any CPU
		{24FA99E1-4927-4227-8C53-A4BBF1D92A7E}.Release|Any CPU.ActiveCfg = Release|Any CPU
		{24FA99E1-4927-4227-8C53-A4BBF1D92A7E}.Release|Any CPU.Build.0 = Release|Any CPU
		{24FA99E1-4927-4227-8C53-A4BBF1D92A7E}.Release|iPhone.ActiveCfg = Release|Any CPU
		{24FA99E1-4927-4227-8C53-A4BBF1D92A7E}.Release|iPhone.Build.0 = Release|Any CPU
		{24FA99E1-4927-4227-8C53-A4BBF1D92A7E}.Release|iPhoneSimulator.ActiveCfg = Release|Any CPU
		{24FA99E1-4927-4227-8C53-A4BBF1D92A7E}.Release|iPhoneSimulator.Build.0 = Release|Any CPU
		{2D3107E1-764E-4B95-A463-C70629A578B1}.Ad-Hoc|Any CPU.ActiveCfg = Debug|Any CPU
		{2D3107E1-764E-4B95-A463-C70629A578B1}.Ad-Hoc|Any CPU.Build.0 = Debug|Any CPU
		{2D3107E1-764E-4B95-A463-C70629A578B1}.Ad-Hoc|iPhone.ActiveCfg = Debug|Any CPU
		{2D3107E1-764E-4B95-A463-C70629A578B1}.Ad-Hoc|iPhone.Build.0 = Debug|Any CPU
		{2D3107E1-764E-4B95-A463-C70629A578B1}.Ad-Hoc|iPhoneSimulator.ActiveCfg = Debug|Any CPU
		{2D3107E1-764E-4B95-A463-C70629A578B1}.Ad-Hoc|iPhoneSimulator.Build.0 = Debug|Any CPU
		{2D3107E1-764E-4B95-A463-C70629A578B1}.AppStore|Any CPU.ActiveCfg = Debug|Any CPU
		{2D3107E1-764E-4B95-A463-C70629A578B1}.AppStore|Any CPU.Build.0 = Debug|Any CPU
		{2D3107E1-764E-4B95-A463-C70629A578B1}.AppStore|iPhone.ActiveCfg = Debug|Any CPU
		{2D3107E1-764E-4B95-A463-C70629A578B1}.AppStore|iPhone.Build.0 = Debug|Any CPU
		{2D3107E1-764E-4B95-A463-C70629A578B1}.AppStore|iPhoneSimulator.ActiveCfg = Debug|Any CPU
		{2D3107E1-764E-4B95-A463-C70629A578B1}.AppStore|iPhoneSimulator.Build.0 = Debug|Any CPU
		{2D3107E1-764E-4B95-A463-C70629A578B1}.Debug|Any CPU.ActiveCfg = Debug|Any CPU
		{2D3107E1-764E-4B95-A463-C70629A578B1}.Debug|Any CPU.Build.0 = Debug|Any CPU
		{2D3107E1-764E-4B95-A463-C70629A578B1}.Debug|iPhone.ActiveCfg = Debug|Any CPU
		{2D3107E1-764E-4B95-A463-C70629A578B1}.Debug|iPhone.Build.0 = Debug|Any CPU
		{2D3107E1-764E-4B95-A463-C70629A578B1}.Debug|iPhoneSimulator.ActiveCfg = Debug|Any CPU
		{2D3107E1-764E-4B95-A463-C70629A578B1}.Debug|iPhoneSimulator.Build.0 = Debug|Any CPU
		{2D3107E1-764E-4B95-A463-C70629A578B1}.Release|Any CPU.ActiveCfg = Release|Any CPU
		{2D3107E1-764E-4B95-A463-C70629A578B1}.Release|Any CPU.Build.0 = Release|Any CPU
		{2D3107E1-764E-4B95-A463-C70629A578B1}.Release|iPhone.ActiveCfg = Release|Any CPU
		{2D3107E1-764E-4B95-A463-C70629A578B1}.Release|iPhone.Build.0 = Release|Any CPU
		{2D3107E1-764E-4B95-A463-C70629A578B1}.Release|iPhoneSimulator.ActiveCfg = Release|Any CPU
		{2D3107E1-764E-4B95-A463-C70629A578B1}.Release|iPhoneSimulator.Build.0 = Release|Any CPU
		{76E98CD7-16B3-4DA3-939E-942CE5F951F7}.Ad-Hoc|Any CPU.ActiveCfg = Debug|Any CPU
		{76E98CD7-16B3-4DA3-939E-942CE5F951F7}.Ad-Hoc|Any CPU.Build.0 = Debug|Any CPU
		{76E98CD7-16B3-4DA3-939E-942CE5F951F7}.Ad-Hoc|iPhone.ActiveCfg = Debug|Any CPU
		{76E98CD7-16B3-4DA3-939E-942CE5F951F7}.Ad-Hoc|iPhone.Build.0 = Debug|Any CPU
		{76E98CD7-16B3-4DA3-939E-942CE5F951F7}.Ad-Hoc|iPhoneSimulator.ActiveCfg = Debug|Any CPU
		{76E98CD7-16B3-4DA3-939E-942CE5F951F7}.Ad-Hoc|iPhoneSimulator.Build.0 = Debug|Any CPU
		{76E98CD7-16B3-4DA3-939E-942CE5F951F7}.AppStore|Any CPU.ActiveCfg = Debug|Any CPU
		{76E98CD7-16B3-4DA3-939E-942CE5F951F7}.AppStore|Any CPU.Build.0 = Debug|Any CPU
		{76E98CD7-16B3-4DA3-939E-942CE5F951F7}.AppStore|iPhone.ActiveCfg = Debug|Any CPU
		{76E98CD7-16B3-4DA3-939E-942CE5F951F7}.AppStore|iPhone.Build.0 = Debug|Any CPU
		{76E98CD7-16B3-4DA3-939E-942CE5F951F7}.AppStore|iPhoneSimulator.ActiveCfg = Debug|Any CPU
		{76E98CD7-16B3-4DA3-939E-942CE5F951F7}.AppStore|iPhoneSimulator.Build.0 = Debug|Any CPU
		{76E98CD7-16B3-4DA3-939E-942CE5F951F7}.Debug|Any CPU.ActiveCfg = Debug|Any CPU
		{76E98CD7-16B3-4DA3-939E-942CE5F951F7}.Debug|Any CPU.Build.0 = Debug|Any CPU
		{76E98CD7-16B3-4DA3-939E-942CE5F951F7}.Debug|iPhone.ActiveCfg = Debug|Any CPU
		{76E98CD7-16B3-4DA3-939E-942CE5F951F7}.Debug|iPhone.Build.0 = Debug|Any CPU
		{76E98CD7-16B3-4DA3-939E-942CE5F951F7}.Debug|iPhoneSimulator.ActiveCfg = Debug|Any CPU
		{76E98CD7-16B3-4DA3-939E-942CE5F951F7}.Debug|iPhoneSimulator.Build.0 = Debug|Any CPU
		{76E98CD7-16B3-4DA3-939E-942CE5F951F7}.Release|Any CPU.ActiveCfg = Release|Any CPU
		{76E98CD7-16B3-4DA3-939E-942CE5F951F7}.Release|Any CPU.Build.0 = Release|Any CPU
		{76E98CD7-16B3-4DA3-939E-942CE5F951F7}.Release|iPhone.ActiveCfg = Release|Any CPU
		{76E98CD7-16B3-4DA3-939E-942CE5F951F7}.Release|iPhone.Build.0 = Release|Any CPU
		{76E98CD7-16B3-4DA3-939E-942CE5F951F7}.Release|iPhoneSimulator.ActiveCfg = Release|Any CPU
		{76E98CD7-16B3-4DA3-939E-942CE5F951F7}.Release|iPhoneSimulator.Build.0 = Release|Any CPU
		{5ECC7D4B-473A-4606-BF34-CF016B791410}.Ad-Hoc|Any CPU.ActiveCfg = Debug|Any CPU
		{5ECC7D4B-473A-4606-BF34-CF016B791410}.Ad-Hoc|Any CPU.Build.0 = Debug|Any CPU
		{5ECC7D4B-473A-4606-BF34-CF016B791410}.Ad-Hoc|iPhone.ActiveCfg = Debug|Any CPU
		{5ECC7D4B-473A-4606-BF34-CF016B791410}.Ad-Hoc|iPhone.Build.0 = Debug|Any CPU
		{5ECC7D4B-473A-4606-BF34-CF016B791410}.Ad-Hoc|iPhoneSimulator.ActiveCfg = Debug|Any CPU
		{5ECC7D4B-473A-4606-BF34-CF016B791410}.Ad-Hoc|iPhoneSimulator.Build.0 = Debug|Any CPU
		{5ECC7D4B-473A-4606-BF34-CF016B791410}.AppStore|Any CPU.ActiveCfg = Debug|Any CPU
		{5ECC7D4B-473A-4606-BF34-CF016B791410}.AppStore|Any CPU.Build.0 = Debug|Any CPU
		{5ECC7D4B-473A-4606-BF34-CF016B791410}.AppStore|iPhone.ActiveCfg = Debug|Any CPU
		{5ECC7D4B-473A-4606-BF34-CF016B791410}.AppStore|iPhone.Build.0 = Debug|Any CPU
		{5ECC7D4B-473A-4606-BF34-CF016B791410}.AppStore|iPhoneSimulator.ActiveCfg = Debug|Any CPU
		{5ECC7D4B-473A-4606-BF34-CF016B791410}.AppStore|iPhoneSimulator.Build.0 = Debug|Any CPU
		{5ECC7D4B-473A-4606-BF34-CF016B791410}.Debug|Any CPU.ActiveCfg = Debug|Any CPU
		{5ECC7D4B-473A-4606-BF34-CF016B791410}.Debug|Any CPU.Build.0 = Debug|Any CPU
		{5ECC7D4B-473A-4606-BF34-CF016B791410}.Debug|iPhone.ActiveCfg = Debug|Any CPU
		{5ECC7D4B-473A-4606-BF34-CF016B791410}.Debug|iPhone.Build.0 = Debug|Any CPU
		{5ECC7D4B-473A-4606-BF34-CF016B791410}.Debug|iPhoneSimulator.ActiveCfg = Debug|Any CPU
		{5ECC7D4B-473A-4606-BF34-CF016B791410}.Debug|iPhoneSimulator.Build.0 = Debug|Any CPU
		{5ECC7D4B-473A-4606-BF34-CF016B791410}.Release|Any CPU.ActiveCfg = Release|Any CPU
		{5ECC7D4B-473A-4606-BF34-CF016B791410}.Release|Any CPU.Build.0 = Release|Any CPU
		{5ECC7D4B-473A-4606-BF34-CF016B791410}.Release|iPhone.ActiveCfg = Release|Any CPU
		{5ECC7D4B-473A-4606-BF34-CF016B791410}.Release|iPhone.Build.0 = Release|Any CPU
		{5ECC7D4B-473A-4606-BF34-CF016B791410}.Release|iPhoneSimulator.ActiveCfg = Release|Any CPU
		{5ECC7D4B-473A-4606-BF34-CF016B791410}.Release|iPhoneSimulator.Build.0 = Release|Any CPU
		{3331E897-05E7-4BA6-BC0C-1BD022781CA6}.Ad-Hoc|Any CPU.ActiveCfg = Debug|Any CPU
		{3331E897-05E7-4BA6-BC0C-1BD022781CA6}.Ad-Hoc|Any CPU.Build.0 = Debug|Any CPU
		{3331E897-05E7-4BA6-BC0C-1BD022781CA6}.Ad-Hoc|iPhone.ActiveCfg = Debug|Any CPU
		{3331E897-05E7-4BA6-BC0C-1BD022781CA6}.Ad-Hoc|iPhone.Build.0 = Debug|Any CPU
		{3331E897-05E7-4BA6-BC0C-1BD022781CA6}.Ad-Hoc|iPhoneSimulator.ActiveCfg = Debug|Any CPU
		{3331E897-05E7-4BA6-BC0C-1BD022781CA6}.Ad-Hoc|iPhoneSimulator.Build.0 = Debug|Any CPU
		{3331E897-05E7-4BA6-BC0C-1BD022781CA6}.AppStore|Any CPU.ActiveCfg = Debug|Any CPU
		{3331E897-05E7-4BA6-BC0C-1BD022781CA6}.AppStore|Any CPU.Build.0 = Debug|Any CPU
		{3331E897-05E7-4BA6-BC0C-1BD022781CA6}.AppStore|iPhone.ActiveCfg = Debug|Any CPU
		{3331E897-05E7-4BA6-BC0C-1BD022781CA6}.AppStore|iPhone.Build.0 = Debug|Any CPU
		{3331E897-05E7-4BA6-BC0C-1BD022781CA6}.AppStore|iPhoneSimulator.ActiveCfg = Debug|Any CPU
		{3331E897-05E7-4BA6-BC0C-1BD022781CA6}.AppStore|iPhoneSimulator.Build.0 = Debug|Any CPU
		{3331E897-05E7-4BA6-BC0C-1BD022781CA6}.Debug|Any CPU.ActiveCfg = Debug|Any CPU
		{3331E897-05E7-4BA6-BC0C-1BD022781CA6}.Debug|Any CPU.Build.0 = Debug|Any CPU
		{3331E897-05E7-4BA6-BC0C-1BD022781CA6}.Debug|iPhone.ActiveCfg = Debug|Any CPU
		{3331E897-05E7-4BA6-BC0C-1BD022781CA6}.Debug|iPhone.Build.0 = Debug|Any CPU
		{3331E897-05E7-4BA6-BC0C-1BD022781CA6}.Debug|iPhoneSimulator.ActiveCfg = Debug|Any CPU
		{3331E897-05E7-4BA6-BC0C-1BD022781CA6}.Debug|iPhoneSimulator.Build.0 = Debug|Any CPU
		{3331E897-05E7-4BA6-BC0C-1BD022781CA6}.Release|Any CPU.ActiveCfg = Release|Any CPU
		{3331E897-05E7-4BA6-BC0C-1BD022781CA6}.Release|Any CPU.Build.0 = Release|Any CPU
		{3331E897-05E7-4BA6-BC0C-1BD022781CA6}.Release|iPhone.ActiveCfg = Release|Any CPU
		{3331E897-05E7-4BA6-BC0C-1BD022781CA6}.Release|iPhone.Build.0 = Release|Any CPU
		{3331E897-05E7-4BA6-BC0C-1BD022781CA6}.Release|iPhoneSimulator.ActiveCfg = Release|Any CPU
		{3331E897-05E7-4BA6-BC0C-1BD022781CA6}.Release|iPhoneSimulator.Build.0 = Release|Any CPU
		{5B2F5CAB-5332-43D9-AFCB-43161763EF54}.Ad-Hoc|Any CPU.ActiveCfg = Debug|Any CPU
		{5B2F5CAB-5332-43D9-AFCB-43161763EF54}.Ad-Hoc|Any CPU.Build.0 = Debug|Any CPU
		{5B2F5CAB-5332-43D9-AFCB-43161763EF54}.Ad-Hoc|iPhone.ActiveCfg = Debug|Any CPU
		{5B2F5CAB-5332-43D9-AFCB-43161763EF54}.Ad-Hoc|iPhone.Build.0 = Debug|Any CPU
		{5B2F5CAB-5332-43D9-AFCB-43161763EF54}.Ad-Hoc|iPhoneSimulator.ActiveCfg = Debug|Any CPU
		{5B2F5CAB-5332-43D9-AFCB-43161763EF54}.Ad-Hoc|iPhoneSimulator.Build.0 = Debug|Any CPU
		{5B2F5CAB-5332-43D9-AFCB-43161763EF54}.AppStore|Any CPU.ActiveCfg = Debug|Any CPU
		{5B2F5CAB-5332-43D9-AFCB-43161763EF54}.AppStore|Any CPU.Build.0 = Debug|Any CPU
		{5B2F5CAB-5332-43D9-AFCB-43161763EF54}.AppStore|iPhone.ActiveCfg = Debug|Any CPU
		{5B2F5CAB-5332-43D9-AFCB-43161763EF54}.AppStore|iPhone.Build.0 = Debug|Any CPU
		{5B2F5CAB-5332-43D9-AFCB-43161763EF54}.AppStore|iPhoneSimulator.ActiveCfg = Debug|Any CPU
		{5B2F5CAB-5332-43D9-AFCB-43161763EF54}.AppStore|iPhoneSimulator.Build.0 = Debug|Any CPU
		{5B2F5CAB-5332-43D9-AFCB-43161763EF54}.Debug|Any CPU.ActiveCfg = Debug|Any CPU
		{5B2F5CAB-5332-43D9-AFCB-43161763EF54}.Debug|Any CPU.Build.0 = Debug|Any CPU
		{5B2F5CAB-5332-43D9-AFCB-43161763EF54}.Debug|iPhone.ActiveCfg = Debug|Any CPU
		{5B2F5CAB-5332-43D9-AFCB-43161763EF54}.Debug|iPhone.Build.0 = Debug|Any CPU
		{5B2F5CAB-5332-43D9-AFCB-43161763EF54}.Debug|iPhoneSimulator.ActiveCfg = Debug|Any CPU
		{5B2F5CAB-5332-43D9-AFCB-43161763EF54}.Debug|iPhoneSimulator.Build.0 = Debug|Any CPU
		{5B2F5CAB-5332-43D9-AFCB-43161763EF54}.Release|Any CPU.ActiveCfg = Release|Any CPU
		{5B2F5CAB-5332-43D9-AFCB-43161763EF54}.Release|Any CPU.Build.0 = Release|Any CPU
		{5B2F5CAB-5332-43D9-AFCB-43161763EF54}.Release|iPhone.ActiveCfg = Release|Any CPU
		{5B2F5CAB-5332-43D9-AFCB-43161763EF54}.Release|iPhone.Build.0 = Release|Any CPU
		{5B2F5CAB-5332-43D9-AFCB-43161763EF54}.Release|iPhoneSimulator.ActiveCfg = Release|Any CPU
		{5B2F5CAB-5332-43D9-AFCB-43161763EF54}.Release|iPhoneSimulator.Build.0 = Release|Any CPU
	EndGlobalSection
	GlobalSection(SolutionProperties) = preSolution
		HideSolutionNode = FALSE
	EndGlobalSection
	GlobalSection(NestedProjects) = preSolution
		{F38809DA-BE5E-4AA7-A84B-C39DD036512F} = {69A7962D-F2B3-4B53-95D6-E876A65389F0}
		{B51785CE-417D-4F56-95BC-3BB6BBF5021D} = {69A7962D-F2B3-4B53-95D6-E876A65389F0}
		{512ED4C7-81C1-42C4-AFCC-C6D9D8A1C105} = {69A7962D-F2B3-4B53-95D6-E876A65389F0}
		{E4C1EA39-3A99-496B-A704-BF7E3B1F9B1B} = {18A82A1E-016A-4852-90FA-AACA466FF71F}
		{4FB7E81E-F37D-4EB4-BFF6-FBF3D5BF71CC} = {303D92EC-AB29-455B-9A4B-48B1299492C5}
		{24FA99E1-4927-4227-8C53-A4BBF1D92A7E} = {53138F39-88C8-4603-8ABC-4FB62CC48744}
		{2D3107E1-764E-4B95-A463-C70629A578B1} = {EFB17885-BC20-4153-A6AA-FB7213B9B233}
		{76E98CD7-16B3-4DA3-939E-942CE5F951F7} = {E9F357ED-1D06-49A8-9054-5443B3783404}
		{5ECC7D4B-473A-4606-BF34-CF016B791410} = {88E83132-FFE9-42CF-B537-8C74FC3DD19A}
		{3331E897-05E7-4BA6-BC0C-1BD022781CA6} = {6DA95834-6629-4DCC-B8E3-D383752C32D4}
		{5B2F5CAB-5332-43D9-AFCB-43161763EF54} = {AE019F68-D6AB-4309-A16A-15CB5CBF8D44}
		{88E83132-FFE9-42CF-B537-8C74FC3DD19A} = {4BD8E1FF-A03C-4724-A454-93174CA50419}
		{303D92EC-AB29-455B-9A4B-48B1299492C5} = {4BD8E1FF-A03C-4724-A454-93174CA50419}
		{18A82A1E-016A-4852-90FA-AACA466FF71F} = {4BD8E1FF-A03C-4724-A454-93174CA50419}
		{53138F39-88C8-4603-8ABC-4FB62CC48744} = {4BD8E1FF-A03C-4724-A454-93174CA50419}
		{EFB17885-BC20-4153-A6AA-FB7213B9B233} = {4BD8E1FF-A03C-4724-A454-93174CA50419}
		{69A7962D-F2B3-4B53-95D6-E876A65389F0} = {F938D382-B029-4D91-9561-BCFCFA8EE54D}
		{6DA95834-6629-4DCC-B8E3-D383752C32D4} = {F938D382-B029-4D91-9561-BCFCFA8EE54D}
		{AE019F68-D6AB-4309-A16A-15CB5CBF8D44} = {F938D382-B029-4D91-9561-BCFCFA8EE54D}
		{E9F357ED-1D06-49A8-9054-5443B3783404} = {F938D382-B029-4D91-9561-BCFCFA8EE54D}
	EndGlobalSection
	GlobalSection(ExtensibilityGlobals) = postSolution
		SolutionGuid = {DA54A2C9-D5A5-4C34-A4D9-C58ADAF25375}
	EndGlobalSection
	GlobalSection(TeamFoundationVersionControl) = preSolution
		SccNumberOfProjects = 12
		SccEnterpriseProvider = {4CA58AB2-18FA-4F8D-95D4-32DDF27D184C}
		SccTeamFoundationServer = http://222.217.36.98:18088/tfs/lzzy.studentworkplaces
		SccLocalPath0 = .
		SccProjectUniqueName1 = FastSchoolApp\\FastSchoolApp.Android\\FastSchoolApp.Android.csproj
		SccProjectTopLevelParentUniqueName1 = FastSchool.sln
		SccProjectName1 = FastSchoolApp/FastSchoolApp.Android
		SccLocalPath1 = FastSchoolApp\\FastSchoolApp.Android
		SccProjectUniqueName2 = FastSchoolApp\\FastSchoolApp.iOS\\FastSchoolApp.iOS.csproj
		SccProjectTopLevelParentUniqueName2 = FastSchool.sln
		SccProjectName2 = FastSchoolApp/FastSchoolApp.iOS
		SccLocalPath2 = FastSchoolApp\\FastSchoolApp.iOS
		SccProjectUniqueName3 = FastSchoolApp\\FastSchoolApp\\FastSchoolApp.csproj
		SccProjectTopLevelParentUniqueName3 = FastSchool.sln
		SccProjectName3 = FastSchoolApp/FastSchoolApp
		SccLocalPath3 = FastSchoolApp\\FastSchoolApp
		SccProjectUniqueName4 = FastSchool.WebApi\\FastSchool.WebApi.csproj
		SccProjectTopLevelParentUniqueName4 = FastSchool.sln
		SccProjectName4 = FastSchool.WebApi
		SccLocalPath4 = FastSchool.WebApi
		SccProjectUniqueName5 = FastSchool.Model\\FastSchool.Model.csproj
		SccProjectTopLevelParentUniqueName5 = FastSchool.sln
		SccProjectName5 = FastSchool.Model
		SccLocalPath5 = FastSchool.Model
		SccProjectUniqueName6 = FastSchool.Interface\\FastSchool.Interface.csproj
		SccProjectTopLevelParentUniqueName6 = FastSchool.sln
		SccProjectName6 = FastSchool.Interface
		SccLocalPath6 = FastSchool.Interface
		SccProjectUniqueName7 = FastSchool.BLL\\FastSchool.BLL.csproj
		SccProjectTopLevelParentUniqueName7 = FastSchool.sln
		SccProjectName7 = FastSchool.BLL
		SccLocalPath7 = FastSchool.BLL
		SccProjectUniqueName8 = FastSchoolApp.Model\\FastSchoolApp.Model.csproj
		SccProjectTopLevelParentUniqueName8 = FastSchool.sln
		SccProjectName8 = FastSchoolApp.Model
		SccLocalPath8 = FastSchoolApp.Model
		SccProjectUniqueName9 = FastSchool.Common\\FastSchool.Common.csproj
		SccProjectTopLevelParentUniqueName9 = FastSchool.sln
		SccProjectName9 = FastSchool.Common
		SccLocalPath9 = FastSchool.Common
		SccProjectUniqueName10 = FastSchoolApp.Services\\FastSchoolApp.Services.csproj
		SccProjectTopLevelParentUniqueName10 = FastSchool.sln
		SccProjectName10 = FastSchoolApp.Services
		SccLocalPath10 = FastSchoolApp.Services
		SccProjectUniqueName11 = FastSchoolApp.Common\\FastSchoolApp.Common.csproj
		SccProjectTopLevelParentUniqueName11 = FastSchool.sln
		SccProjectName11 = FastSchoolApp.Common
		SccLocalPath11 = FastSchoolApp.Common
	EndGlobalSection
EndGlobal
